
Microsoft Visual Studio Solution File, Format Version 12.00
# Visual Studio Version 17
VisualStudioVersion = 17.6.33712.159
MinimumVisualStudioVersion = 10.0.40219.1
Project("{FAE04EC0-301F-11D3-BF4B-00C04F79EFBC}") = "Task1", "Task1\Task1.csproj", "{AE1028BF-913F-48BE-BD45-880D82CDEE2A}"
EndProject
Project("{FAE04EC0-301F-11D3-BF4B-00C04F79EFBC}") = "Task2", "Task2\Task2.csproj", "{1284AEA6-4683-4FCD-B6E0-B045B6ED69F6}"
EndProject
Project("{FAE04EC0-301F-11D3-BF4B-00C04F79EFBC}") = "Task3", "Task3\Task3.csproj", "{44ADF9F4-E316-4B2F-BE26-F52AD3CB3C4A}"
EndProject
Project("{FAE04EC0-301F-11D3-BF4B-00C04F79EFBC}") = "Task4", "Task4\Task4.csproj", "{DB5B1996-DBD7-499C-9692-D5899B6BE7A3}"
EndProject
Global
	GlobalSection(SolutionConfigurationPlatforms) = preSolution
		Debug|Any CPU = Debug|Any CPU
		Release|Any CPU = Release|Any CPU
	EndGlobalSection
	GlobalSection(ProjectConfigurationPlatforms) = postSolution
		{AE1028BF-913F-48BE-BD45-880D82CDEE2A}.Debug|Any CPU.ActiveCfg = Debug|Any CPU
		{AE1028BF-913F-48BE-BD45-880D82CDEE2A}.Debug|Any CPU.Build.0 = Debug|Any CPU
		{AE1028BF-913F-48BE-BD45-880D82CDEE2A}.Release|Any CPU.ActiveCfg = Release|Any CPU
		{AE1028BF-913F-48BE-BD45-880D82CDEE2A}.Release|Any CPU.Build.0 = Release|Any CPU
		{1284AEA6-4683-4FCD-B6E0-B045B6ED69F6}.Debug|Any CPU.ActiveCfg = Debug|Any CPU
		{1284AEA6-4683-4FCD-B6E0-B045B6ED69F6}.Debug|Any CPU.Build.0 = Debug|Any CPU
		{1284AEA6-4683-4FCD-B6E0-B045B6ED69F6}.Release|Any CPU.ActiveCfg = Release|Any CPU
		{1284AEA6-4683-4FCD-B6E0-B045B6ED69F6}.Release|Any CPU.Build.0 = Release|Any CPU
		{44ADF9F4-E316-4B2F-BE26-F52AD3CB3C4A}.Debug|Any CPU.ActiveCfg = Debug|Any CPU
		{44ADF9F4-E316-4B2F-BE26-F52AD3CB3C4A}.Debug|Any CPU.Build.0 = Debug|Any CPU
		{44ADF9F4-E316-4B2F-BE26-F52AD3CB3C4A}.Release|Any CPU.ActiveCfg = Release|Any CPU
		{44ADF9F4-E316-4B2F-BE26-F52AD3CB3C4A}.Release|Any CPU.Build.0 = Release|Any CPU
		{DB5B1996-DBD7-499C-9692-D5899B6BE7A3}.Debug|Any CPU.ActiveCfg = Debug|Any CPU
		{DB5B1996-DBD7-499C-9692-D5899B6BE7A3}.Debug|Any CPU.Build.0 = Debug|Any CPU
		{DB5B1996-DBD7-499C-9692-D5899B6BE7A3}.Release|Any CPU.ActiveCfg = Release|Any CPU
		{DB5B1996-DBD7-499C-9692-D5899B6BE7A3}.Release|Any CPU.Build.0 = Release|Any CPU
	EndGlobalSection
	GlobalSection(SolutionProperties) = preSolution
		HideSolutionNode = FALSE
	EndGlobalSection
	GlobalSection(ExtensibilityGlobals) = postSolution
		SolutionGuid = {08643EF9-9157-4C05-8CFF-B3E1637FB599}
	EndGlobalSection
EndGlobal
